// !$*UTF8*$!
{
	archiveVersion = 1;
	classes = {
	};
	objectVersion = 46;
	objects = {

/* Begin PBXBuildFile section */
		382297951969B155002A7CBD /* AppDelegate.swift in Sources */ = {isa = PBXBuildFile; fileRef = 382297941969B155002A7CBD /* AppDelegate.swift */; };
		382297971969B155002A7CBD /* CTMainViewController.swift in Sources */ = {isa = PBXBuildFile; fileRef = 382297961969B155002A7CBD /* CTMainViewController.swift */; };
		3822979A1969B155002A7CBD /* Main.storyboard in Resources */ = {isa = PBXBuildFile; fileRef = 382297981969B155002A7CBD /* Main.storyboard */; };
		3822979C1969B155002A7CBD /* Images.xcassets in Resources */ = {isa = PBXBuildFile; fileRef = 3822979B1969B155002A7CBD /* Images.xcassets */; };
		382297A81969B156002A7CBD /* CardTiltTests.swift in Sources */ = {isa = PBXBuildFile; fileRef = 382297A71969B156002A7CBD /* CardTiltTests.swift */; };
		382297B21969B1D5002A7CBD /* CTCardCell.swift in Sources */ = {isa = PBXBuildFile; fileRef = 382297B11969B1D5002A7CBD /* CTCardCell.swift */; };
		3827C20F196A2FEF0078DFF1 /* background.png in Resources */ = {isa = PBXBuildFile; fileRef = 3827C203196A2FEF0078DFF1 /* background.png */; };
		3827C210196A2FEF0078DFF1 /* brianB.png in Resources */ = {isa = PBXBuildFile; fileRef = 3827C204196A2FEF0078DFF1 /* brianB.png */; };
		3827C211196A2FEF0078DFF1 /* brianM.png in Resources */ = {isa = PBXBuildFile; fileRef = 3827C205196A2FEF0078DFF1 /* brianM.png */; };
		3827C212196A2FEF0078DFF1 /* cesare.png in Resources */ = {isa = PBXBuildFile; fileRef = 3827C206196A2FEF0078DFF1 /* cesare.png */; };
		3827C213196A2FEF0078DFF1 /* charlie.png in Resources */ = {isa = PBXBuildFile; fileRef = 3827C207196A2FEF0078DFF1 /* charlie.png */; };
		3827C214196A2FEF0078DFF1 /* fb.png in Resources */ = {isa = PBXBuildFile; fileRef = 3827C208196A2FEF0078DFF1 /* fb.png */; };
		3827C215196A2FEF0078DFF1 /* feli.png in Resources */ = {isa = PBXBuildFile; fileRef = 3827C209196A2FEF0078DFF1 /* feli.png */; };
		3827C216196A2FEF0078DFF1 /* greg.png in Resources */ = {isa = PBXBuildFile; fileRef = 3827C20A196A2FEF0078DFF1 /* greg.png */; };
		3827C217196A2FEF0078DFF1 /* matt.png in Resources */ = {isa = PBXBuildFile; fileRef = 3827C20B196A2FEF0078DFF1 /* matt.png */; };
		3827C218196A2FEF0078DFF1 /* ray.png in Resources */ = {isa = PBXBuildFile; fileRef = 3827C20C196A2FEF0078DFF1 /* ray.png */; };
		3827C219196A2FEF0078DFF1 /* TeamMembers.json in Resources */ = {isa = PBXBuildFile; fileRef = 3827C20D196A2FEF0078DFF1 /* TeamMembers.json */; };
		3827C21A196A2FEF0078DFF1 /* twitter.png in Resources */ = {isa = PBXBuildFile; fileRef = 3827C20E196A2FEF0078DFF1 /* twitter.png */; };
/* End PBXBuildFile section */

/* Begin PBXContainerItemProxy section */
		382297A21969B156002A7CBD /* PBXContainerItemProxy */ = {
			isa = PBXContainerItemProxy;
			containerPortal = 382297871969B155002A7CBD /* Project object */;
			proxyType = 1;
			remoteGlobalIDString = 3822978E1969B155002A7CBD;
			remoteInfo = CardTilt;
		};
/* End PBXContainerItemProxy section */

/* Begin PBXFileReference section */
		3822978F1969B155002A7CBD /* CardTilt.app */ = {isa = PBXFileReference; explicitFileType = wrapper.application; includeInIndex = 0; path = CardTilt.app; sourceTree = BUILT_PRODUCTS_DIR; };
		382297931969B155002A7CBD /* Info.plist */ = {isa = PBXFileReference; lastKnownFileType = text.plist.xml; path = Info.plist; sourceTree = "<group>"; };
		382297941969B155002A7CBD /* AppDelegate.swift */ = {isa = PBXFileReference; lastKnownFileType = sourcecode.swift; path = AppDelegate.swift; sourceTree = "<group>"; };
		382297961969B155002A7CBD /* CTMainViewController.swift */ = {isa = PBXFileReference; lastKnownFileType = sourcecode.swift; path = CTMainViewController.swift; sourceTree = "<group>"; };
		382297991969B155002A7CBD /* Base */ = {isa = PBXFileReference; lastKnownFileType = file.storyboard; name = Base; path = Base.lproj/Main.storyboard; sourceTree = "<group>"; };
		3822979B1969B155002A7CBD /* Images.xcassets */ = {isa = PBXFileReference; lastKnownFileType = folder.assetcatalog; path = Images.xcassets; sourceTree = "<group>"; };
		382297A11969B156002A7CBD /* CardTiltTests.xctest */ = {isa = PBXFileReference; explicitFileType = wrapper.cfbundle; includeInIndex = 0; path = CardTiltTests.xctest; sourceTree = BUILT_PRODUCTS_DIR; };
		382297A61969B156002A7CBD /* Info.plist */ = {isa = PBXFileReference; lastKnownFileType = text.plist.xml; path = Info.plist; sourceTree = "<group>"; };
		382297A71969B156002A7CBD /* CardTiltTests.swift */ = {isa = PBXFileReference; lastKnownFileType = sourcecode.swift; path = CardTiltTests.swift; sourceTree = "<group>"; };
		382297B11969B1D5002A7CBD /* CTCardCell.swift */ = {isa = PBXFileReference; fileEncoding = 4; lastKnownFileType = sourcecode.swift; path = CTCardCell.swift; sourceTree = "<group>"; };
		3827C203196A2FEF0078DFF1 /* background.png */ = {isa = PBXFileReference; lastKnownFileType = image.png; path = background.png; sourceTree = "<group>"; };
		3827C204196A2FEF0078DFF1 /* brianB.png */ = {isa = PBXFileReference; lastKnownFileType = image.png; path = brianB.png; sourceTree = "<group>"; };
		3827C205196A2FEF0078DFF1 /* brianM.png */ = {isa = PBXFileReference; lastKnownFileType = image.png; path = brianM.png; sourceTree = "<group>"; };
		3827C206196A2FEF0078DFF1 /* cesare.png */ = {isa = PBXFileReference; lastKnownFileType = image.png; path = cesare.png; sourceTree = "<group>"; };
		3827C207196A2FEF0078DFF1 /* charlie.png */ = {isa = PBXFileReference; lastKnownFileType = image.png; path = charlie.png; sourceTree = "<group>"; };
		3827C208196A2FEF0078DFF1 /* fb.png */ = {isa = PBXFileReference; lastKnownFileType = image.png; path = fb.png; sourceTree = "<group>"; };
		3827C209196A2FEF0078DFF1 /* feli.png */ = {isa = PBXFileReference; lastKnownFileType = image.png; path = feli.png; sourceTree = "<group>"; };
		3827C20A196A2FEF0078DFF1 /* greg.png */ = {isa = PBXFileReference; lastKnownFileType = image.png; path = greg.png; sourceTree = "<group>"; };
		3827C20B196A2FEF0078DFF1 /* matt.png */ = {isa = PBXFileReference; lastKnownFileType = image.png; path = matt.png; sourceTree = "<group>"; };
		3827C20C196A2FEF0078DFF1 /* ray.png */ = {isa = PBXFileReference; lastKnownFileType = image.png; path = ray.png; sourceTree = "<group>"; };
		3827C20D196A2FEF0078DFF1 /* TeamMembers.json */ = {isa = PBXFileReference; fileEncoding = 4; lastKnownFileType = text.json; path = TeamMembers.json; sourceTree = "<group>"; };
		3827C20E196A2FEF0078DFF1 /* twitter.png */ = {isa = PBXFileReference; lastKnownFileType = image.png; path = twitter.png; sourceTree = "<group>"; };
/* End PBXFileReference section */

/* Begin PBXFrameworksBuildPhase section */
		3822978C1969B155002A7CBD /* Frameworks */ = {
			isa = PBXFrameworksBuildPhase;
			buildActionMask = 2147483647;
			files = (
			);
			runOnlyForDeploymentPostprocessing = 0;
		};
		3822979E1969B156002A7CBD /* Frameworks */ = {
			isa = PBXFrameworksBuildPhase;
			buildActionMask = 2147483647;
			files = (
			);
			runOnlyForDeploymentPostprocessing = 0;
		};
/* End PBXFrameworksBuildPhase section */

/* Begin PBXGroup section */
		382297861969B155002A7CBD = {
			isa = PBXGroup;
			children = (
				382297911969B155002A7CBD /* CardTilt */,
				382297A41969B156002A7CBD /* CardTiltTests */,
				382297901969B155002A7CBD /* Products */,
			);
			sourceTree = "<group>";
		};
		382297901969B155002A7CBD /* Products */ = {
			isa = PBXGroup;
			children = (
				3822978F1969B155002A7CBD /* CardTilt.app */,
				382297A11969B156002A7CBD /* CardTiltTests.xctest */,
			);
			name = Products;
			sourceTree = "<group>";
		};
		382297911969B155002A7CBD /* CardTilt */ = {
			isa = PBXGroup;
			children = (
				3827C202196A2FEF0078DFF1 /* Resources */,
				382297941969B155002A7CBD /* AppDelegate.swift */,
				382297B11969B1D5002A7CBD /* CTCardCell.swift */,
				382297961969B155002A7CBD /* CTMainViewController.swift */,
				382297981969B155002A7CBD /* Main.storyboard */,
				3822979B1969B155002A7CBD /* Images.xcassets */,
				382297921969B155002A7CBD /* Supporting Files */,
			);
			path = CardTilt;
			sourceTree = "<group>";
		};
		382297921969B155002A7CBD /* Supporting Files */ = {
			isa = PBXGroup;
			children = (
				382297931969B155002A7CBD /* Info.plist */,
			);
			name = "Supporting Files";
			sourceTree = "<group>";
		};
		382297A41969B156002A7CBD /* CardTiltTests */ = {
			isa = PBXGroup;
			children = (
				382297A71969B156002A7CBD /* CardTiltTests.swift */,
				382297A51969B156002A7CBD /* Supporting Files */,
			);
			path = CardTiltTests;
			sourceTree = "<group>";
		};
		382297A51969B156002A7CBD /* Supporting Files */ = {
			isa = PBXGroup;
			children = (
				382297A61969B156002A7CBD /* Info.plist */,
			);
			name = "Supporting Files";
			sourceTree = "<group>";
		};
		3827C202196A2FEF0078DFF1 /* Resources */ = {
			isa = PBXGroup;
			children = (
				3827C203196A2FEF0078DFF1 /* background.png */,
				3827C204196A2FEF0078DFF1 /* brianB.png */,
				3827C205196A2FEF0078DFF1 /* brianM.png */,
				3827C206196A2FEF0078DFF1 /* cesare.png */,
				3827C207196A2FEF0078DFF1 /* charlie.png */,
				3827C208196A2FEF0078DFF1 /* fb.png */,
				3827C209196A2FEF0078DFF1 /* feli.png */,
				3827C20A196A2FEF0078DFF1 /* greg.png */,
				3827C20B196A2FEF0078DFF1 /* matt.png */,
				3827C20C196A2FEF0078DFF1 /* ray.png */,
				3827C20D196A2FEF0078DFF1 /* TeamMembers.json */,
				3827C20E196A2FEF0078DFF1 /* twitter.png */,
			);
			path = Resources;
			sourceTree = "<group>";
		};
/* End PBXGroup section */

/* Begin PBXNativeTarget section */
		3822978E1969B155002A7CBD /* CardTilt */ = {
			isa = PBXNativeTarget;
			buildConfigurationList = 382297AB1969B156002A7CBD /* Build configuration list for PBXNativeTarget "CardTilt" */;
			buildPhases = (
				3822978B1969B155002A7CBD /* Sources */,
				3822978C1969B155002A7CBD /* Frameworks */,
				3822978D1969B155002A7CBD /* Resources */,
			);
			buildRules = (
			);
			dependencies = (
			);
			name = CardTilt;
			productName = CardTilt;
			productReference = 3822978F1969B155002A7CBD /* CardTilt.app */;
			productType = "com.apple.product-type.application";
		};
		382297A01969B156002A7CBD /* CardTiltTests */ = {
			isa = PBXNativeTarget;
			buildConfigurationList = 382297AE1969B156002A7CBD /* Build configuration list for PBXNativeTarget "CardTiltTests" */;
			buildPhases = (
				3822979D1969B156002A7CBD /* Sources */,
				3822979E1969B156002A7CBD /* Frameworks */,
				3822979F1969B156002A7CBD /* Resources */,
			);
			buildRules = (
			);
			dependencies = (
				382297A31969B156002A7CBD /* PBXTargetDependency */,
			);
			name = CardTiltTests;
			productName = CardTiltTests;
			productReference = 382297A11969B156002A7CBD /* CardTiltTests.xctest */;
			productType = "com.apple.product-type.bundle.unit-test";
		};
/* End PBXNativeTarget section */

/* Begin PBXProject section */
		382297871969B155002A7CBD /* Project object */ = {
			isa = PBXProject;
			attributes = {
				LastUpgradeCheck = 0600;
				ORGANIZATIONNAME = ZhouHao;
				TargetAttributes = {
					3822978E1969B155002A7CBD = {
						CreatedOnToolsVersion = 6.0;
					};
					382297A01969B156002A7CBD = {
						CreatedOnToolsVersion = 6.0;
						TestTargetID = 3822978E1969B155002A7CBD;
					};
				};
			};
			buildConfigurationList = 3822978A1969B155002A7CBD /* Build configuration list for PBXProject "CardTilt" */;
			compatibilityVersion = "Xcode 3.2";
			developmentRegion = English;
			hasScannedForEncodings = 0;
			knownRegions = (
				en,
				Base,
			);
			mainGroup = 382297861969B155002A7CBD;
			productRefGroup = 382297901969B155002A7CBD /* Products */;
			projectDirPath = "";
			projectRoot = "";
			targets = (
				3822978E1969B155002A7CBD /* CardTilt */,
				382297A01969B156002A7CBD /* CardTiltTests */,
			);
		};
/* End PBXProject section */

/* Begin PBXResourcesBuildPhase section */
		3822978D1969B155002A7CBD /* Resources */ = {
			isa = PBXResourcesBuildPhase;
			buildActionMask = 2147483647;
			files = (
				3827C212196A2FEF0078DFF1 /* cesare.png in Resources */,
				3827C214196A2FEF0078DFF1 /* fb.png in Resources */,
				3827C215196A2FEF0078DFF1 /* feli.png in Resources */,
				3822979A1969B155002A7CBD /* Main.storyboard in Resources */,
				3827C211196A2FEF0078DFF1 /* brianM.png in Resources */,
				3827C219196A2FEF0078DFF1 /* TeamMembers.json in Resources */,
				3827C20F196A2FEF0078DFF1 /* background.png in Resources */,
				3827C21A196A2FEF0078DFF1 /* twitter.png in Resources */,
				3827C218196A2FEF0078DFF1 /* ray.png in Resources */,
				3827C216196A2FEF0078DFF1 /* greg.png in Resources */,
				3827C217196A2FEF0078DFF1 /* matt.png in Resources */,
				3822979C1969B155002A7CBD /* Images.xcassets in Resources */,
				3827C213196A2FEF0078DFF1 /* charlie.png in Resources */,
				3827C210196A2FEF0078DFF1 /* brianB.png in Resources */,
			);
			runOnlyForDeploymentPostprocessing = 0;
		};
		3822979F1969B156002A7CBD /* Resources */ = {
			isa = PBXResourcesBuildPhase;
			buildActionMask = 2147483647;
			files = (
			);
			runOnlyForDeploymentPostprocessing = 0;
		};
/* End PBXResourcesBuildPhase section */

/* Begin PBXSourcesBuildPhase section */
		3822978B1969B155002A7CBD /* Sources */ = {
			isa = PBXSourcesBuildPhase;
			buildActionMask = 2147483647;
			files = (
				382297971969B155002A7CBD /* CTMainViewController.swift in Sources */,
				382297951969B155002A7CBD /* AppDelegate.swift in Sources */,
				382297B21969B1D5002A7CBD /* CTCardCell.swift in Sources */,
			);
			runOnlyForDeploymentPostprocessing = 0;
		};
		3822979D1969B156002A7CBD /* Sources */ = {
			isa = PBXSourcesBuildPhase;
			buildActionMask = 2147483647;
			files = (
				382297A81969B156002A7CBD /* CardTiltTests.swift in Sources */,
			);
			runOnlyForDeploymentPostprocessing = 0;
		};
/* End PBXSourcesBuildPhase section */

/* Begin PBXTargetDependency section */
		382297A31969B156002A7CBD /* PBXTargetDependency */ = {
			isa = PBXTargetDependency;
			target = 3822978E1969B155002A7CBD /* CardTilt */;
			targetProxy = 382297A21969B156002A7CBD /* PBXContainerItemProxy */;
		};
/* End PBXTargetDependency section */

/* Begin PBXVariantGroup section */
		382297981969B155002A7CBD /* Main.storyboard */ = {
			isa = PBXVariantGroup;
			children = (
				382297991969B155002A7CBD /* Base */,
			);
			name = Main.storyboard;
			sourceTree = "<group>";
		};
/* End PBXVariantGroup section */

/* Begin XCBuildConfiguration section */
		382297A91969B156002A7CBD /* Debug */ = {
			isa = XCBuildConfiguration;
			buildSettings = {
				ALWAYS_SEARCH_USER_PATHS = NO;
				CLANG_CXX_LANGUAGE_STANDARD = "gnu++0x";
				CLANG_CXX_LIBRARY = "libc++";
				CLANG_ENABLE_MODULES = YES;
				CLANG_ENABLE_OBJC_ARC = YES;
				CLANG_WARN_BOOL_CONVERSION = YES;
				CLANG_WARN_CONSTANT_CONVERSION = YES;
				CLANG_WARN_DIRECT_OBJC_ISA_USAGE = YES_ERROR;
				CLANG_WARN_EMPTY_BODY = YES;
				CLANG_WARN_ENUM_CONVERSION = YES;
				CLANG_WARN_INT_CONVERSION = YES;
				CLANG_WARN_OBJC_ROOT_CLASS = YES_ERROR;
				CLANG_WARN_UNREACHABLE_CODE = YES;
				CLANG_WARN__DUPLICATE_METHOD_MATCH = YES;
				"CODE_SIGN_IDENTITY[sdk=iphoneos*]" = "iPhone Developer";
				COPY_PHASE_STRIP = NO;
				ENABLE_STRICT_OBJC_MSGSEND = YES;
				GCC_C_LANGUAGE_STANDARD = gnu99;
				GCC_DYNAMIC_NO_PIC = NO;
				GCC_OPTIMIZATION_LEVEL = 0;
				GCC_PREPROCESSOR_DEFINITIONS = (
					"DEBUG=1",
					"$(inherited)",
				);
				GCC_SYMBOLS_PRIVATE_EXTERN = NO;
				GCC_WARN_64_TO_32_BIT_CONVERSION = YES;
				GCC_WARN_ABOUT_RETURN_TYPE = YES_ERROR;
				GCC_WARN_UNDECLARED_SELECTOR = YES;
				GCC_WARN_UNINITIALIZED_AUTOS = YES_AGGRESSIVE;
				GCC_WARN_UNUSED_FUNCTION = YES;
				GCC_WARN_UNUSED_VARIABLE = YES;
				IPHONEOS_DEPLOYMENT_TARGET = 8.0;
				METAL_ENABLE_DEBUG_INFO = YES;
				ONLY_ACTIVE_ARCH = YES;
				SDKROOT = iphoneos;
				SWIFT_OPTIMIZATION_LEVEL = "-Onone";
			};
			name = Debug;
		};
		382297AA1969B156002A7CBD /* Release */ = {
			isa = XCBuildConfiguration;
			buildSettings = {
				ALWAYS_SEARCH_USER_PATHS = NO;
				CLANG_CXX_LANGUAGE_STANDARD = "gnu++0x";
				CLANG_CXX_LIBRARY = "libc++";
				CLANG_ENABLE_MODULES = YES;
				CLANG_ENABLE_OBJC_ARC = YES;
				CLANG_WARN_BOOL_CONVERSION = YES;
				CLANG_WARN_CONSTANT_CONVERSION = YES;
				CLANG_WARN_DIRECT_OBJC_ISA_USAGE = YES_ERROR;
				CLANG_WARN_EMPTY_BODY = YES;
				CLANG_WARN_ENUM_CONVERSION = YES;
				CLANG_WARN_INT_CONVERSION = YES;
				CLANG_WARN_OBJC_ROOT_CLASS = YES_ERROR;
				CLANG_WARN_UNREACHABLE_CODE = YES;
				CLANG_WARN__DUPLICATE_METHOD_MATCH = YES;
				"CODE_SIGN_IDENTITY[sdk=iphoneos*]" = "iPhone Developer";
				COPY_PHASE_STRIP = YES;
				ENABLE_NS_ASSERTIONS = NO;
				ENABLE_STRICT_OBJC_MSGSEND = YES;
				GCC_C_LANGUAGE_STANDARD = gnu99;
				GCC_WARN_64_TO_32_BIT_CONVERSION = YES;
				GCC_WARN_ABOUT_RETURN_TYPE = YES_ERROR;
				GCC_WARN_UNDECLARED_SELECTOR = YES;
				GCC_WARN_UNINITIALIZED_AUTOS = YES_AGGRESSIVE;
				GCC_WARN_UNUSED_FUNCTION = YES;
				GCC_WARN_UNUSED_VARIABLE = YES;
				IPHONEOS_DEPLOYMENT_TARGET = 8.0;
				METAL_ENABLE_DEBUG_INFO = NO;
				SDKROOT = iphoneos;
				VALIDATE_PRODUCT = YES;
			};
			name = Release;
		};
		382297AC1969B156002A7CBD /* Debug */ = {
			isa = XCBuildConfiguration;
			buildSettings = {
				ASSETCATALOG_COMPILER_APPICON_NAME = AppIcon;
				ASSETCATALOG_COMPILER_LAUNCHIMAGE_NAME = LaunchImage;
				INFOPLIST_FILE = CardTilt/Info.plist;
				IPHONEOS_DEPLOYMENT_TARGET = 6.0;
				LD_RUNPATH_SEARCH_PATHS = "$(inherited) @executable_path/Frameworks";
				PRODUCT_NAME = "$(TARGET_NAME)";
			};
			name = Debug;
		};
		382297AD1969B156002A7CBD /* Release */ = {
			isa = XCBuildConfiguration;
			buildSettings = {
				ASSETCATALOG_COMPILER_APPICON_NAME = AppIcon;
				ASSETCATALOG_COMPILER_LAUNCHIMAGE_NAME = LaunchImage;
				INFOPLIST_FILE = CardTilt/Info.plist;
				IPHONEOS_DEPLOYMENT_TARGET = 6.0;
				LD_RUNPATH_SEARCH_PATHS = "$(inherited) @executable_path/Frameworks";
				PRODUCT_NAME = "$(TARGET_NAME)";
			};
			name = Release;
		};
		382297AF1969B156002A7CBD /* Debug */ = {
			isa = XCBuildConfiguration;
			buildSettings = {
				BUNDLE_LOADER = "$(BUILT_PRODUCTS_DIR)/CardTilt.app/CardTilt";
				FRAMEWORK_SEARCH_PATHS = (
					"$(SDKROOT)/Developer/Library/Frameworks",
					"$(inherited)",
				);
				GCC_PREPROCESSOR_DEFINITIONS = (
					"DEBUG=1",
					"$(inherited)",
				);
				INFOPLIST_FILE = CardTiltTests/Info.plist;
				LD_RUNPATH_SEARCH_PATHS = "$(inherited) @executable_path/Frameworks @loader_path/Frameworks";
				METAL_ENABLE_DEBUG_INFO = YES;
				PRODUCT_NAME = "$(TARGET_NAME)";
				TEST_HOST = "$(BUNDLE_LOADER)";
			};
			name = Debug;
		};
		382297B01969B156002A7CBD /* Release */ = {
			isa = XCBuildConfiguration;
			buildSettings = {
				BUNDLE_LOADER = "$(BUILT_PRODUCTS_DIR)/CardTilt.app/CardTilt";
				FRAMEWORK_SEARCH_PATHS = (
					"$(SDKROOT)/Developer/Library/Frameworks",
					"$(inherited)",
				);
				INFOPLIST_FILE = CardTiltTests/Info.plist;
				LD_RUNPATH_SEARCH_PATHS = "$(inherited) @executable_path/Frameworks @loader_path/Frameworks";
				METAL_ENABLE_DEBUG_INFO = NO;
				PRODUCT_NAME = "$(TARGET_NAME)";
				TEST_HOST = "$(BUNDLE_LOADER)";
			};
			name = Release;
		};
/* End XCBuildConfiguration section */

/* Begin XCConfigurationList section */
		3822978A1969B155002A7CBD /* Build configuration list for PBXProject "CardTilt" */ = {
			isa = XCConfigurationList;
			buildConfigurations = (
				382297A91969B156002A7CBD /* Debug */,
				382297AA1969B156002A7CBD /* Release */,
			);
			defaultConfigurationIsVisible = 0;
			defaultConfigurationName = Release;
		};
		382297AB1969B156002A7CBD /* Build configuration list for PBXNativeTarget "CardTilt" */ = {
			isa = XCConfigurationList;
			buildConfigurations = (
				382297AC1969B156002A7CBD /* Debug */,
				382297AD1969B156002A7CBD /* Release */,
			);
			defaultConfigurationIsVisible = 0;
			defaultConfigurationName = Release;
		};
		382297AE1969B156002A7CBD /* Build configuration list for PBXNativeTarget "CardTiltTests" */ = {
			isa = XCConfigurationList;
			buildConfigurations = (
				382297AF1969B156002A7CBD /* Debug */,
				382297B01969B156002A7CBD /* Release */,
			);
			defaultConfigurationIsVisible = 0;
			defaultConfigurationName = Release;
		};
/* End XCConfigurationList section */
	};
	rootObject = 382297871969B155002A7CBD /* Project object */;
}
